// !$*UTF8*$!
{
	archiveVersion = 1;
	classes = {
	};
	objectVersion = 56;
	objects = {

/* Begin PBXBuildFile section */
		58C11D772993F0370033A25E /* TDDinSwiftApp.swift in Sources */ = {isa = PBXBuildFile; fileRef = 58C11D762993F0370033A25E /* TDDinSwiftApp.swift */; };
		58C11D792993F0370033A25E /* ContentView.swift in Sources */ = {isa = PBXBuildFile; fileRef = 58C11D782993F0370033A25E /* ContentView.swift */; };
		58C11D7B2993F0380033A25E /* Assets.xcassets in Resources */ = {isa = PBXBuildFile; fileRef = 58C11D7A2993F0380033A25E /* Assets.xcassets */; };
		58C11D7E2993F0380033A25E /* Preview Assets.xcassets in Resources */ = {isa = PBXBuildFile; fileRef = 58C11D7D2993F0380033A25E /* Preview Assets.xcassets */; };
		58C11D8C2993F0750033A25E /* FizzBuzzTests.swift in Sources */ = {isa = PBXBuildFile; fileRef = 58C11D8B2993F0750033A25E /* FizzBuzzTests.swift */; };
/* End PBXBuildFile section */

/* Begin PBXContainerItemProxy section */
		58C11D8D2993F0750033A25E /* PBXContainerItemProxy */ = {
			isa = PBXContainerItemProxy;
			containerPortal = 58C11D6B2993F0370033A25E /* Project object */;
			proxyType = 1;
			remoteGlobalIDString = 58C11D722993F0370033A25E;
			remoteInfo = TDDinSwift;
		};
/* End PBXContainerItemProxy section */

/* Begin PBXFileReference section */
		58C11D732993F0370033A25E /* TDDinSwift.app */ = {isa = PBXFileReference; explicitFileType = wrapper.application; includeInIndex = 0; path = TDDinSwift.app; sourceTree = BUILT_PRODUCTS_DIR; };
		58C11D762993F0370033A25E /* TDDinSwiftApp.swift */ = {isa = PBXFileReference; lastKnownFileType = sourcecode.swift; path = TDDinSwiftApp.swift; sourceTree = "<group>"; };
		58C11D782993F0370033A25E /* ContentView.swift */ = {isa = PBXFileReference; lastKnownFileType = sourcecode.swift; path = ContentView.swift; sourceTree = "<group>"; };
		58C11D7A2993F0380033A25E /* Assets.xcassets */ = {isa = PBXFileReference; lastKnownFileType = folder.assetcatalog; path = Assets.xcassets; sourceTree = "<group>"; };
		58C11D7D2993F0380033A25E /* Preview Assets.xcassets */ = {isa = PBXFileReference; lastKnownFileType = folder.assetcatalog; path = "Preview Assets.xcassets"; sourceTree = "<group>"; };
		58C11D7F2993F0380033A25E /* TDDinSwift.entitlements */ = {isa = PBXFileReference; lastKnownFileType = text.plist.entitlements; path = TDDinSwift.entitlements; sourceTree = "<group>"; };
		58C11D892993F0750033A25E /* TDDinSwiftTests.xctest */ = {isa = PBXFileReference; explicitFileType = wrapper.cfbundle; includeInIndex = 0; path = TDDinSwiftTests.xctest; sourceTree = BUILT_PRODUCTS_DIR; };
		58C11D8B2993F0750033A25E /* FizzBuzzTests.swift */ = {isa = PBXFileReference; lastKnownFileType = sourcecode.swift; path = FizzBuzzTests.swift; sourceTree = "<group>"; };
/* End PBXFileReference section */

/* Begin PBXFrameworksBuildPhase section */
		58C11D702993F0370033A25E /* Frameworks */ = {
			isa = PBXFrameworksBuildPhase;
			buildActionMask = 2147483647;
			files = (
			);
			runOnlyForDeploymentPostprocessing = 0;
		};
		58C11D862993F0750033A25E /* Frameworks */ = {
			isa = PBXFrameworksBuildPhase;
			buildActionMask = 2147483647;
			files = (
			);
			runOnlyForDeploymentPostprocessing = 0;
		};
/* End PBXFrameworksBuildPhase section */

/* Begin PBXGroup section */
		58C11D6A2993F0370033A25E = {
			isa = PBXGroup;
			children = (
				58C11D752993F0370033A25E /* TDDinSwift */,
				58C11D8A2993F0750033A25E /* TDDinSwiftTests */,
				58C11D742993F0370033A25E /* Products */,
			);
			sourceTree = "<group>";
		};
		58C11D742993F0370033A25E /* Products */ = {
			isa = PBXGroup;
			children = (
				58C11D732993F0370033A25E /* TDDinSwift.app */,
				58C11D892993F0750033A25E /* TDDinSwiftTests.xctest */,
			);
			name = Products;
			sourceTree = "<group>";
		};
		58C11D752993F0370033A25E /* TDDinSwift */ = {
			isa = PBXGroup;
			children = (
				58C11D762993F0370033A25E /* TDDinSwiftApp.swift */,
				58C11D782993F0370033A25E /* ContentView.swift */,
				58C11D7A2993F0380033A25E /* Assets.xcassets */,
				58C11D7F2993F0380033A25E /* TDDinSwift.entitlements */,
				58C11D7C2993F0380033A25E /* Preview Content */,
			);
			path = TDDinSwift;
			sourceTree = "<group>";
		};
		58C11D7C2993F0380033A25E /* Preview Content */ = {
			isa = PBXGroup;
			children = (
				58C11D7D2993F0380033A25E /* Preview Assets.xcassets */,
			);
			path = "Preview Content";
			sourceTree = "<group>";
		};
		58C11D8A2993F0750033A25E /* TDDinSwiftTests */ = {
			isa = PBXGroup;
			children = (
				58C11D8B2993F0750033A25E /* FizzBuzzTests.swift */,
			);
			path = TDDinSwiftTests;
			sourceTree = "<group>";
		};
/* End PBXGroup section */

/* Begin PBXNativeTarget section */
		58C11D722993F0370033A25E /* TDDinSwift */ = {
			isa = PBXNativeTarget;
			buildConfigurationList = 58C11D822993F0380033A25E /* Build configuration list for PBXNativeTarget "TDDinSwift" */;
			buildPhases = (
				58C11D6F2993F0370033A25E /* Sources */,
				58C11D702993F0370033A25E /* Frameworks */,
				58C11D712993F0370033A25E /* Resources */,
			);
			buildRules = (
			);
			dependencies = (
			);
			name = TDDinSwift;
			productName = TDDinSwift;
			productReference = 58C11D732993F0370033A25E /* TDDinSwift.app */;
			productType = "com.apple.product-type.application";
		};
		58C11D882993F0750033A25E /* TDDinSwiftTests */ = {
			isa = PBXNativeTarget;
			buildConfigurationList = 58C11D8F2993F0750033A25E /* Build configuration list for PBXNativeTarget "TDDinSwiftTests" */;
			buildPhases = (
				58C11D852993F0750033A25E /* Sources */,
				58C11D862993F0750033A25E /* Frameworks */,
				58C11D872993F0750033A25E /* Resources */,
			);
			buildRules = (
			);
			dependencies = (
				58C11D8E2993F0750033A25E /* PBXTargetDependency */,
			);
			name = TDDinSwiftTests;
			productName = TDDinSwiftTests;
			productReference = 58C11D892993F0750033A25E /* TDDinSwiftTests.xctest */;
			productType = "com.apple.product-type.bundle.unit-test";
		};
/* End PBXNativeTarget section */

/* Begin PBXProject section */
		58C11D6B2993F0370033A25E /* Project object */ = {
			isa = PBXProject;
			attributes = {
				BuildIndependentTargetsInParallel = 1;
				LastSwiftUpdateCheck = 1420;
				LastUpgradeCheck = 1420;
				TargetAttributes = {
					58C11D722993F0370033A25E = {
						CreatedOnToolsVersion = 14.2;
					};
					58C11D882993F0750033A25E = {
						CreatedOnToolsVersion = 14.2;
					};
				};
			};
			buildConfigurationList = 58C11D6E2993F0370033A25E /* Build configuration list for PBXProject "TDDinSwift" */;
			compatibilityVersion = "Xcode 14.0";
			developmentRegion = en;
			hasScannedForEncodings = 0;
			knownRegions = (
				en,
				Base,
			);
			mainGroup = 58C11D6A2993F0370033A25E;
			productRefGroup = 58C11D742993F0370033A25E /* Products */;
			projectDirPath = "";
			projectRoot = "";
			targets = (
				58C11D722993F0370033A25E /* TDDinSwift */,
				58C11D882993F0750033A25E /* TDDinSwiftTests */,
			);
		};
/* End PBXProject section */

/* Begin PBXResourcesBuildPhase section */
		58C11D712993F0370033A25E /* Resources */ = {
			isa = PBXResourcesBuildPhase;
			buildActionMask = 2147483647;
			files = (
				58C11D7E2993F0380033A25E /* Preview Assets.xcassets in Resources */,
				58C11D7B2993F0380033A25E /* Assets.xcassets in Resources */,
			);
			runOnlyForDeploymentPostprocessing = 0;
		};
		58C11D872993F0750033A25E /* Resources */ = {
			isa = PBXResourcesBuildPhase;
			buildActionMask = 2147483647;
			files = (
			);
			runOnlyForDeploymentPostprocessing = 0;
		};
/* End PBXResourcesBuildPhase section */

/* Begin PBXSourcesBuildPhase section */
		58C11D6F2993F0370033A25E /* Sources */ = {
			isa = PBXSourcesBuildPhase;
			buildActionMask = 2147483647;
			files = (
				58C11D792993F0370033A25E /* ContentView.swift in Sources */,
				58C11D772993F0370033A25E /* TDDinSwiftApp.swift in Sources */,
			);
			runOnlyForDeploymentPostprocessing = 0;
		};
		58C11D852993F0750033A25E /* Sources */ = {
			isa = PBXSourcesBuildPhase;
			buildActionMask = 2147483647;
			files = (
				58C11D8C2993F0750033A25E /* FizzBuzzTests.swift in Sources */,
			);
			runOnlyForDeploymentPostprocessing = 0;
		};
/* End PBXSourcesBuildPhase section */

/* Begin PBXTargetDependency section */
		58C11D8E2993F0750033A25E /* PBXTargetDependency */ = {
			isa = PBXTargetDependency;
			target = 58C11D722993F0370033A25E /* TDDinSwift */;
			targetProxy = 58C11D8D2993F0750033A25E /* PBXContainerItemProxy */;
		};
/* End PBXTargetDependency section */

/* Begin XCBuildConfiguration section */
		58C11D802993F0380033A25E /* Debug */ = {
			isa = XCBuildConfiguration;
			buildSettings = {
				ALWAYS_SEARCH_USER_PATHS = NO;
				CLANG_ANALYZER_NONNULL = YES;
				CLANG_ANALYZER_NUMBER_OBJECT_CONVERSION = YES_AGGRESSIVE;
				CLANG_CXX_LANGUAGE_STANDARD = "gnu++20";
				CLANG_ENABLE_MODULES = YES;
				CLANG_ENABLE_OBJC_ARC = YES;
				CLANG_ENABLE_OBJC_WEAK = YES;
				CLANG_WARN_BLOCK_CAPTURE_AUTORELEASING = YES;
				CLANG_WARN_BOOL_CONVERSION = YES;
				CLANG_WARN_COMMA = YES;
				CLANG_WARN_CONSTANT_CONVERSION = YES;
				CLANG_WARN_DEPRECATED_OBJC_IMPLEMENTATIONS = YES;
				CLANG_WARN_DIRECT_OBJC_ISA_USAGE = YES_ERROR;
				CLANG_WARN_DOCUMENTATION_COMMENTS = YES;
				CLANG_WARN_EMPTY_BODY = YES;
				CLANG_WARN_ENUM_CONVERSION = YES;
				CLANG_WARN_INFINITE_RECURSION = YES;
				CLANG_WARN_INT_CONVERSION = YES;
				CLANG_WARN_NON_LITERAL_NULL_CONVERSION = YES;
				CLANG_WARN_OBJC_IMPLICIT_RETAIN_SELF = YES;
				CLANG_WARN_OBJC_LITERAL_CONVERSION = YES;
				CLANG_WARN_OBJC_ROOT_CLASS = YES_ERROR;
				CLANG_WARN_QUOTED_INCLUDE_IN_FRAMEWORK_HEADER = YES;
				CLANG_WARN_RANGE_LOOP_ANALYSIS = YES;
				CLANG_WARN_STRICT_PROTOTYPES = YES;
				CLANG_WARN_SUSPICIOUS_MOVE = YES;
				CLANG_WARN_UNGUARDED_AVAILABILITY = YES_AGGRESSIVE;
				CLANG_WARN_UNREACHABLE_CODE = YES;
				CLANG_WARN__DUPLICATE_METHOD_MATCH = YES;
				COPY_PHASE_STRIP = NO;
				DEBUG_INFORMATION_FORMAT = dwarf;
				ENABLE_STRICT_OBJC_MSGSEND = YES;
				ENABLE_TESTABILITY = YES;
				GCC_C_LANGUAGE_STANDARD = gnu11;
				GCC_DYNAMIC_NO_PIC = NO;
				GCC_NO_COMMON_BLOCKS = YES;
				GCC_OPTIMIZATION_LEVEL = 0;
				GCC_PREPROCESSOR_DEFINITIONS = (
					"DEBUG=1",
					"$(inherited)",
				);
				GCC_WARN_64_TO_32_BIT_CONVERSION = YES;
				GCC_WARN_ABOUT_RETURN_TYPE = YES_ERROR;
				GCC_WARN_UNDECLARED_SELECTOR = YES;
				GCC_WARN_UNINITIALIZED_AUTOS = YES_AGGRESSIVE;
				GCC_WARN_UNUSED_FUNCTION = YES;
				GCC_WARN_UNUSED_VARIABLE = YES;
				MACOSX_DEPLOYMENT_TARGET = 13.1;
				MTL_ENABLE_DEBUG_INFO = INCLUDE_SOURCE;
				MTL_FAST_MATH = YES;
				ONLY_ACTIVE_ARCH = YES;
				SDKROOT = macosx;
				SWIFT_ACTIVE_COMPILATION_CONDITIONS = DEBUG;
				SWIFT_OPTIMIZATION_LEVEL = "-Onone";
			};
			name = Debug;
		};
		58C11D812993F0380033A25E /* Release */ = {
			isa = XCBuildConfiguration;
			buildSettings = {
				ALWAYS_SEARCH_USER_PATHS = NO;
				CLANG_ANALYZER_NONNULL = YES;
				CLANG_ANALYZER_NUMBER_OBJECT_CONVERSION = YES_AGGRESSIVE;
				CLANG_CXX_LANGUAGE_STANDARD = "gnu++20";
				CLANG_ENABLE_MODULES = YES;
				CLANG_ENABLE_OBJC_ARC = YES;
				CLANG_ENABLE_OBJC_WEAK = YES;
				CLANG_WARN_BLOCK_CAPTURE_AUTORELEASING = YES;
				CLANG_WARN_BOOL_CONVERSION = YES;
				CLANG_WARN_COMMA = YES;
				CLANG_WARN_CONSTANT_CONVERSION = YES;
				CLANG_WARN_DEPRECATED_OBJC_IMPLEMENTATIONS = YES;
				CLANG_WARN_DIRECT_OBJC_ISA_USAGE = YES_ERROR;
				CLANG_WARN_DOCUMENTATION_COMMENTS = YES;
				CLANG_WARN_EMPTY_BODY = YES;
				CLANG_WARN_ENUM_CONVERSION = YES;
				CLANG_WARN_INFINITE_RECURSION = YES;
				CLANG_WARN_INT_CONVERSION = YES;
				CLANG_WARN_NON_LITERAL_NULL_CONVERSION = YES;
				CLANG_WARN_OBJC_IMPLICIT_RETAIN_SELF = YES;
				CLANG_WARN_OBJC_LITERAL_CONVERSION = YES;
				CLANG_WARN_OBJC_ROOT_CLASS = YES_ERROR;
				CLANG_WARN_QUOTED_INCLUDE_IN_FRAMEWORK_HEADER = YES;
				CLANG_WARN_RANGE_LOOP_ANALYSIS = YES;
				CLANG_WARN_STRICT_PROTOTYPES = YES;
				CLANG_WARN_SUSPICIOUS_MOVE = YES;
				CLANG_WARN_UNGUARDED_AVAILABILITY = YES_AGGRESSIVE;
				CLANG_WARN_UNREACHABLE_CODE = YES;
				CLANG_WARN__DUPLICATE_METHOD_MATCH = YES;
				COPY_PHASE_STRIP = NO;
				DEBUG_INFORMATION_FORMAT = "dwarf-with-dsym";
				ENABLE_NS_ASSERTIONS = NO;
				ENABLE_STRICT_OBJC_MSGSEND = YES;
				GCC_C_LANGUAGE_STANDARD = gnu11;
				GCC_NO_COMMON_BLOCKS = YES;
				GCC_WARN_64_TO_32_BIT_CONVERSION = YES;
				GCC_WARN_ABOUT_RETURN_TYPE = YES_ERROR;
				GCC_WARN_UNDECLARED_SELECTOR = YES;
				GCC_WARN_UNINITIALIZED_AUTOS = YES_AGGRESSIVE;
				GCC_WARN_UNUSED_FUNCTION = YES;
				GCC_WARN_UNUSED_VARIABLE = YES;
				MACOSX_DEPLOYMENT_TARGET = 13.1;
				MTL_ENABLE_DEBUG_INFO = NO;
				MTL_FAST_MATH = YES;
				SDKROOT = macosx;
				SWIFT_COMPILATION_MODE = wholemodule;
				SWIFT_OPTIMIZATION_LEVEL = "-O";
			};
			name = Release;
		};
		58C11D832993F0380033A25E /* Debug */ = {
			isa = XCBuildConfiguration;
			buildSettings = {
				ASSETCATALOG_COMPILER_APPICON_NAME = AppIcon;
				ASSETCATALOG_COMPILER_GLOBAL_ACCENT_COLOR_NAME = AccentColor;
				CODE_SIGN_ENTITLEMENTS = TDDinSwift/TDDinSwift.entitlements;
				CODE_SIGN_STYLE = Automatic;
				COMBINE_HIDPI_IMAGES = YES;
				CURRENT_PROJECT_VERSION = 1;
				DEVELOPMENT_ASSET_PATHS = "\"TDDinSwift/Preview Content\"";
				DEVELOPMENT_TEAM = 3CS37HB8AC;
				ENABLE_HARDENED_RUNTIME = YES;
				ENABLE_PREVIEWS = YES;
				GENERATE_INFOPLIST_FILE = YES;
				INFOPLIST_KEY_NSHumanReadableCopyright = "";
				LD_RUNPATH_SEARCH_PATHS = (
					"$(inherited)",
					"@executable_path/../Frameworks",
				);
				MARKETING_VERSION = 1.0;
				PRODUCT_BUNDLE_IDENTIFIER = no.ramdata.no.TDDinSwift;
				PRODUCT_NAME = "$(TARGET_NAME)";
				SWIFT_EMIT_LOC_STRINGS = YES;
				SWIFT_VERSION = 5.0;
			};
			name = Debug;
		};
		58C11D842993F0380033A25E /* Release */ = {
			isa = XCBuildConfiguration;
			buildSettings = {
				ASSETCATALOG_COMPILER_APPICON_NAME = AppIcon;
				ASSETCATALOG_COMPILER_GLOBAL_ACCENT_COLOR_NAME = AccentColor;
				CODE_SIGN_ENTITLEMENTS = TDDinSwift/TDDinSwift.entitlements;
				CODE_SIGN_STYLE = Automatic;
				COMBINE_HIDPI_IMAGES = YES;
				CURRENT_PROJECT_VERSION = 1;
				DEVELOPMENT_ASSET_PATHS = "\"TDDinSwift/Preview Content\"";
				DEVELOPMENT_TEAM = 3CS37HB8AC;
				ENABLE_HARDENED_RUNTIME = YES;
				ENABLE_PREVIEWS = YES;
				GENERATE_INFOPLIST_FILE = YES;
				INFOPLIST_KEY_NSHumanReadableCopyright = "";
				LD_RUNPATH_SEARCH_PATHS = (
					"$(inherited)",
					"@executable_path/../Frameworks",
				);
				MARKETING_VERSION = 1.0;
				PRODUCT_BUNDLE_IDENTIFIER = no.ramdata.no.TDDinSwift;
				PRODUCT_NAME = "$(TARGET_NAME)";
				SWIFT_EMIT_LOC_STRINGS = YES;
				SWIFT_VERSION = 5.0;
			};
			name = Release;
		};
		58C11D902993F0750033A25E /* Debug */ = {
			isa = XCBuildConfiguration;
			buildSettings = {
				CODE_SIGN_STYLE = Automatic;
				CURRENT_PROJECT_VERSION = 1;
				DEVELOPMENT_TEAM = 3CS37HB8AC;
				GENERATE_INFOPLIST_FILE = YES;
				MARKETING_VERSION = 1.0;
				PRODUCT_BUNDLE_IDENTIFIER = no.ramdata.no.TDDinSwiftTests;
				PRODUCT_NAME = "$(TARGET_NAME)";
				SWIFT_EMIT_LOC_STRINGS = NO;
				SWIFT_VERSION = 5.0;
			};
			name = Debug;
		};
		58C11D912993F0750033A25E /* Release */ = {
			isa = XCBuildConfiguration;
			buildSettings = {
				CODE_SIGN_STYLE = Automatic;
				CURRENT_PROJECT_VERSION = 1;
				DEVELOPMENT_TEAM = 3CS37HB8AC;
				GENERATE_INFOPLIST_FILE = YES;
				MARKETING_VERSION = 1.0;
				PRODUCT_BUNDLE_IDENTIFIER = no.ramdata.no.TDDinSwiftTests;
				PRODUCT_NAME = "$(TARGET_NAME)";
				SWIFT_EMIT_LOC_STRINGS = NO;
				SWIFT_VERSION = 5.0;
			};
			name = Release;
		};
/* End XCBuildConfiguration section */

/* Begin XCConfigurationList section */
		58C11D6E2993F0370033A25E /* Build configuration list for PBXProject "TDDinSwift" */ = {
			isa = XCConfigurationList;
			buildConfigurations = (
				58C11D802993F0380033A25E /* Debug */,
				58C11D812993F0380033A25E /* Release */,
			);
			defaultConfigurationIsVisible = 0;
			defaultConfigurationName = Release;
		};
		58C11D822993F0380033A25E /* Build configuration list for PBXNativeTarget "TDDinSwift" */ = {
			isa = XCConfigurationList;
			buildConfigurations = (
				58C11D832993F0380033A25E /* Debug */,
				58C11D842993F0380033A25E /* Release */,
			);
			defaultConfigurationIsVisible = 0;
			defaultConfigurationName = Release;
		};
		58C11D8F2993F0750033A25E /* Build configuration list for PBXNativeTarget "TDDinSwiftTests" */ = {
			isa = XCConfigurationList;
			buildConfigurations = (
				58C11D902993F0750033A25E /* Debug */,
				58C11D912993F0750033A25E /* Release */,
			);
			defaultConfigurationIsVisible = 0;
			defaultConfigurationName = Release;
		};
/* End XCConfigurationList section */
	};
	rootObject = 58C11D6B2993F0370033A25E /* Project object */;
}
